Microsoft Visual Studio Solution File, Format Version 12.00
# Visual Studio Version 17
VisualStudioVersion = 17.0.31903.59
MinimumVisualStudioVersion = 10.0.40219.1
Project("{FAE04EC0-301F-11D3-BF4B-00C04F79EFBC}") = "GeoLocalCAD.Core", "src\GeoLocalCAD.Core\GeoLocalCAD.Core.csproj", "{4D35FEE5-9D6A-4F13-9F06-6B7A0CC2D9F3}"
EndProject
Project("{FAE04EC0-301F-11D3-BF4B-00C04F79EFBC}") = "GeoLocalCAD.Plugin", "src\GeoLocalCAD.Plugin\GeoLocalCAD.Plugin.csproj", "{D4C22F75-4C20-44F7-AA2A-7E5E3EC95D8C}"
EndProject
Project("{60DC8134-EBA5-43B8-BCC9-BB4BC16C2548}") = "GeoLocalCAD.UI", "src\GeoLocalCAD.UI\GeoLocalCAD.UI.csproj", "{7E4C6A7A-4B1C-41DD-9F45-852C3F7EAA52}"
EndProject
Project("{FAE04EC0-301F-11D3-BF4B-00C04F79EFBC}") = "GeoLocalCAD.Core.Tests", "tests\GeoLocalCAD.Core.Tests\GeoLocalCAD.Core.Tests.csproj", "{9CF7F1D3-8F0F-4E3A-98DA-7DDFEF8D3A52}"
EndProject
Project("{FAE04EC0-301F-11D3-BF4B-00C04F79EFBC}") = "GeoLocalCAD.CRS", "src\GeoLocalCAD.CRS\GeoLocalCAD.CRS.csproj", "{B5A9D98A-1D13-4F7D-BA3C-8B2F18B1D3C4}"
EndProject
Project("{FAE04EC0-301F-11D3-BF4B-00C04F79EFBC}") = "GeoLocalCAD.Vector", "src\GeoLocalCAD.Vector\GeoLocalCAD.Vector.csproj", "{0C1D8E40-5F31-4E62-97D1-28CF8B79A7D1}"
EndProject
Project("{FAE04EC0-301F-11D3-BF4B-00C04F79EFBC}") = "GeoLocalCAD.Raster", "src\GeoLocalCAD.Raster\GeoLocalCAD.Raster.csproj", "{A1F3D0A1-6A19-4A72-9A0A-2AF8C4E3D5B7}"
EndProject
Project("{FAE04EC0-301F-11D3-BF4B-00C04F79EFBC}") = "GeoLocalCAD.DEM", "src\GeoLocalCAD.DEM\GeoLocalCAD.DEM.csproj", "{C2D0B5A4-7F14-4B1C-8D21-4F0D9C6A7E33}"
EndProject
Global
GlobalSection(SolutionConfigurationPlatforms) = preSolution
Debug|Any CPU = Debug|Any CPU
Release|Any CPU = Release|Any CPU
EndGlobalSection
GlobalSection(ProjectConfigurationPlatforms) = postSolution
{4D35FEE5-9D6A-4F13-9F06-6B7A0CC2D9F3}.Debug|Any CPU.ActiveCfg = Debug|Any CPU
{4D35FEE5-9D6A-4F13-9F06-6B7A0CC2D9F3}.Debug|Any CPU.Build.0 = Debug|Any CPU
{4D35FEE5-9D6A-4F13-9F06-6B7A0CC2D9F3}.Release|Any CPU.ActiveCfg = Release|Any CPU
{4D35FEE5-9D6A-4F13-9F06-6B7A0CC2D9F3}.Release|Any CPU.Build.0 = Release|Any CPU
{D4C22F75-4C20-44F7-AA2A-7E5E3EC95D8C}.Debug|Any CPU.ActiveCfg = Debug|Any CPU
{D4C22F75-4C20-44F7-AA2A-7E5E3EC95D8C}.Debug|Any CPU.Build.0 = Debug|Any CPU
{D4C22F75-4C20-44F7-AA2A-7E5E3EC95D8C}.Release|Any CPU.ActiveCfg = Release|Any CPU
{D4C22F75-4C20-44F7-AA2A-7E5E3EC95D8C}.Release|Any CPU.Build.0 = Release|Any CPU
{7E4C6A7A-4B1C-41DD-9F45-852C3F7EAA52}.Debug|Any CPU.ActiveCfg = Debug|Any CPU
{7E4C6A7A-4B1C-41DD-9F45-852C3F7EAA52}.Debug|Any CPU.Build.0 = Debug|Any CPU
{7E4C6A7A-4B1C-41DD-9F45-852C3F7EAA52}.Release|Any CPU.ActiveCfg = Release|Any CPU
{7E4C6A7A-4B1C-41DD-9F45-852C3F7EAA52}.Release|Any CPU.Build.0 = Release|Any CPU
{9CF7F1D3-8F0F-4E3A-98DA-7DDFEF8D3A52}.Debug|Any CPU.ActiveCfg = Debug|Any CPU
{9CF7F1D3-8F0F-4E3A-98DA-7DDFEF8D3A52}.Debug|Any CPU.Build.0 = Debug|Any CPU
{9CF7F1D3-8F0F-4E3A-98DA-7DDFEF8D3A52}.Release|Any CPU.ActiveCfg = Release|Any CPU
{9CF7F1D3-8F0F-4E3A-98DA-7DDFEF8D3A52}.Release|Any CPU.Build.0 = Release|Any CPU
{B5A9D98A-1D13-4F7D-BA3C-8B2F18B1D3C4}.Debug|Any CPU.ActiveCfg = Debug|Any CPU
{B5A9D98A-1D13-4F7D-BA3C-8B2F18B1D3C4}.Debug|Any CPU.Build.0 = Debug|Any CPU
{B5A9D98A-1D13-4F7D-BA3C-8B2F18B1D3C4}.Release|Any CPU.ActiveCfg = Release|Any CPU
{B5A9D98A-1D13-4F7D-BA3C-8B2F18B1D3C4}.Release|Any CPU.Build.0 = Release|Any CPU
{0C1D8E40-5F31-4E62-97D1-28CF8B79A7D1}.Debug|Any CPU.ActiveCfg = Debug|Any CPU
{0C1D8E40-5F31-4E62-97D1-28CF8B79A7D1}.Debug|Any CPU.Build.0 = Debug|Any CPU
{0C1D8E40-5F31-4E62-97D1-28CF8B79A7D1}.Release|Any CPU.ActiveCfg = Release|Any CPU
{0C1D8E40-5F31-4E62-97D1-28CF8B79A7D1}.Release|Any CPU.Build.0 = Release|Any CPU
{A1F3D0A1-6A19-4A72-9A0A-2AF8C4E3D5B7}.Debug|Any CPU.ActiveCfg = Debug|Any CPU
{A1F3D0A1-6A19-4A72-9A0A-2AF8C4E3D5B7}.Debug|Any CPU.Build.0 = Debug|Any CPU
{A1F3D0A1-6A19-4A72-9A0A-2AF8C4E3D5B7}.Release|Any CPU.ActiveCfg = Release|Any CPU
{A1F3D0A1-6A19-4A72-9A0A-2AF8C4E3D5B7}.Release|Any CPU.Build.0 = Release|Any CPU
{C2D0B5A4-7F14-4B1C-8D21-4F0D9C6A7E33}.Debug|Any CPU.ActiveCfg = Debug|Any CPU
{C2D0B5A4-7F14-4B1C-8D21-4F0D9C6A7E33}.Debug|Any CPU.Build.0 = Debug|Any CPU
{C2D0B5A4-7F14-4B1C-8D21-4F0D9C6A7E33}.Release|Any CPU.ActiveCfg = Release|Any CPU
{C2D0B5A4-7F14-4B1C-8D21-4F0D9C6A7E33}.Release|Any CPU.Build.0 = Release|Any CPU
EndGlobalSection
EndGlobal
