Microsoft Visual Studio Solution File, Format Version 12.00
# Visual Studio Version 17
VisualStudioVersion = 17.0.31903.59
MinimumVisualStudioVersion = 10.0.40219.1
Project("{FAE04EC0-301F-11D3-BF4B-00C04F79EFBC}") = "GeoLocalCAD.Core", "src\GeoLocalCAD.Core\GeoLocalCAD.Core.csproj", "{4D35FEE5-9D6A-4F13-9F06-6B7A0CC2D9F3}"
EndProject
Project("{FAE04EC0-301F-11D3-BF4B-00C04F79EFBC}") = "GeoLocalCAD.Plugin", "src\GeoLocalCAD.Plugin\GeoLocalCAD.Plugin.csproj", "{D4C22F75-4C20-44F7-AA2A-7E5E3EC95D8C}"
EndProject
Global
GlobalSection(SolutionConfigurationPlatforms) = preSolution
Debug|Any CPU = Debug|Any CPU
Release|Any CPU = Release|Any CPU
EndGlobalSection
GlobalSection(ProjectConfigurationPlatforms) = postSolution
{4D35FEE5-9D6A-4F13-9F06-6B7A0CC2D9F3}.Debug|Any CPU.ActiveCfg = Debug|Any CPU
{4D35FEE5-9D6A-4F13-9F06-6B7A0CC2D9F3}.Debug|Any CPU.Build.0 = Debug|Any CPU
{4D35FEE5-9D6A-4F13-9F06-6B7A0CC2D9F3}.Release|Any CPU.ActiveCfg = Release|Any CPU
{4D35FEE5-9D6A-4F13-9F06-6B7A0CC2D9F3}.Release|Any CPU.Build.0 = Release|Any CPU
{D4C22F75-4C20-44F7-AA2A-7E5E3EC95D8C}.Debug|Any CPU.ActiveCfg = Debug|Any CPU
{D4C22F75-4C20-44F7-AA2A-7E5E3EC95D8C}.Debug|Any CPU.Build.0 = Debug|Any CPU
{D4C22F75-4C20-44F7-AA2A-7E5E3EC95D8C}.Release|Any CPU.ActiveCfg = Release|Any CPU
{D4C22F75-4C20-44F7-AA2A-7E5E3EC95D8C}.Release|Any CPU.Build.0 = Release|Any CPU
EndGlobalSection
EndGlobal
